
Microsoft Visual Studio Solution File, Format Version 12.00
# Visual Studio Version 17
VisualStudioVersion = 17.3.32922.545
MinimumVisualStudioVersion = 10.0.40219.1
Project("{FAE04EC0-301F-11D3-BF4B-00C04F79EFBC}") = "LKY_HW1_Time_Convert", "LKY_HW1_Time_Convert\LKY_HW1_Time_Convert.csproj", "{D64D2272-F16D-4277-9184-E5AEDABCA1BB}"
EndProject
Project("{FAE04EC0-301F-11D3-BF4B-00C04F79EFBC}") = "LKY_HW2_Coordinate_Conversion", "LKY_HW2_Coordinate_Conversion\LKY_HW2_Coordinate_Conversion.csproj", "{B91BD1BE-1AE2-4372-8CC5-E85773C60DF6}"
EndProject
Project("{FAE04EC0-301F-11D3-BF4B-00C04F79EFBC}") = "LKY_HW3_Calculate_Satellite_Position", "LKY_HW3_Calculate_Satellite_Position\LKY_HW3_Calculate_Satellite_Position.csproj", "{A861E03E-6F80-4A95-98FB-1EA6916FCCB3}"
EndProject
Global
	GlobalSection(SolutionConfigurationPlatforms) = preSolution
		Debug|Any CPU = Debug|Any CPU
		Release|Any CPU = Release|Any CPU
	EndGlobalSection
	GlobalSection(ProjectConfigurationPlatforms) = postSolution
		{D64D2272-F16D-4277-9184-E5AEDABCA1BB}.Debug|Any CPU.ActiveCfg = Debug|Any CPU
		{D64D2272-F16D-4277-9184-E5AEDABCA1BB}.Debug|Any CPU.Build.0 = Debug|Any CPU
		{D64D2272-F16D-4277-9184-E5AEDABCA1BB}.Release|Any CPU.ActiveCfg = Release|Any CPU
		{D64D2272-F16D-4277-9184-E5AEDABCA1BB}.Release|Any CPU.Build.0 = Release|Any CPU
		{B91BD1BE-1AE2-4372-8CC5-E85773C60DF6}.Debug|Any CPU.ActiveCfg = Debug|Any CPU
		{B91BD1BE-1AE2-4372-8CC5-E85773C60DF6}.Debug|Any CPU.Build.0 = Debug|Any CPU
		{B91BD1BE-1AE2-4372-8CC5-E85773C60DF6}.Release|Any CPU.ActiveCfg = Release|Any CPU
		{B91BD1BE-1AE2-4372-8CC5-E85773C60DF6}.Release|Any CPU.Build.0 = Release|Any CPU
		{A861E03E-6F80-4A95-98FB-1EA6916FCCB3}.Debug|Any CPU.ActiveCfg = Debug|Any CPU
		{A861E03E-6F80-4A95-98FB-1EA6916FCCB3}.Debug|Any CPU.Build.0 = Debug|Any CPU
		{A861E03E-6F80-4A95-98FB-1EA6916FCCB3}.Release|Any CPU.ActiveCfg = Release|Any CPU
		{A861E03E-6F80-4A95-98FB-1EA6916FCCB3}.Release|Any CPU.Build.0 = Release|Any CPU
	EndGlobalSection
	GlobalSection(SolutionProperties) = preSolution
		HideSolutionNode = FALSE
	EndGlobalSection
	GlobalSection(ExtensibilityGlobals) = postSolution
		SolutionGuid = {D8559A57-FE9D-432B-8F88-B28DB320E349}
	EndGlobalSection
EndGlobal
